// !$*UTF8*$!
{
	archiveVersion = 1;
	classes = {
	};
	objectVersion = 50;
	objects = {

/* Begin PBXBuildFile section */
		B69C332C29EB51A500EABD97 /* The_Daily_StretchApp.swift in Sources */ = {isa = PBXBuildFile; fileRef = B69C332B29EB51A500EABD97 /* The_Daily_StretchApp.swift */; };
		B69C332E29EB51A500EABD97 /* ContentView.swift in Sources */ = {isa = PBXBuildFile; fileRef = B69C332D29EB51A500EABD97 /* ContentView.swift */; };
		B69C333029EB51A600EABD97 /* Assets.xcassets in Resources */ = {isa = PBXBuildFile; fileRef = B69C332F29EB51A600EABD97 /* Assets.xcassets */; };
		B69C333329EB51A600EABD97 /* Preview Assets.xcassets in Resources */ = {isa = PBXBuildFile; fileRef = B69C333229EB51A600EABD97 /* Preview Assets.xcassets */; };
		B69C333B29EB528900EABD97 /* MainPageOld.swift in Sources */ = {isa = PBXBuildFile; fileRef = B69C333A29EB528900EABD97 /* MainPageOld.swift */; };
		B69C333D29EB52B200EABD97 /* VideoView.swift in Sources */ = {isa = PBXBuildFile; fileRef = B69C333C29EB52B200EABD97 /* VideoView.swift */; };
		B69C333F29EB52D200EABD97 /* StretchVideo.swift in Sources */ = {isa = PBXBuildFile; fileRef = B69C333E29EB52D200EABD97 /* StretchVideo.swift */; };
		B69C334129EB697400EABD97 /* JournalView.swift in Sources */ = {isa = PBXBuildFile; fileRef = B69C334029EB697400EABD97 /* JournalView.swift */; };
		EE1AE3CD29EB781F0032F584 /* RingView.swift in Sources */ = {isa = PBXBuildFile; fileRef = EE1AE3CC29EB781F0032F584 /* RingView.swift */; };
		EE1AE3CF29EB782E0032F584 /* RingShape.swift in Sources */ = {isa = PBXBuildFile; fileRef = EE1AE3CE29EB782E0032F584 /* RingShape.swift */; };
		EE1AE3D129EB78830032F584 /* MainPage.swift in Sources */ = {isa = PBXBuildFile; fileRef = EE1AE3D029EB78830032F584 /* MainPage.swift */; };
/* End PBXBuildFile section */

/* Begin PBXFileReference section */
		B69C332829EB51A500EABD97 /* The Daily Stretch.app */ = {isa = PBXFileReference; explicitFileType = wrapper.application; includeInIndex = 0; path = "The Daily Stretch.app"; sourceTree = BUILT_PRODUCTS_DIR; };
		B69C332B29EB51A500EABD97 /* The_Daily_StretchApp.swift */ = {isa = PBXFileReference; lastKnownFileType = sourcecode.swift; path = The_Daily_StretchApp.swift; sourceTree = "<group>"; };
		B69C332D29EB51A500EABD97 /* ContentView.swift */ = {isa = PBXFileReference; lastKnownFileType = sourcecode.swift; path = ContentView.swift; sourceTree = "<group>"; };
		B69C332F29EB51A600EABD97 /* Assets.xcassets */ = {isa = PBXFileReference; lastKnownFileType = folder.assetcatalog; path = Assets.xcassets; sourceTree = "<group>"; };
		B69C333229EB51A600EABD97 /* Preview Assets.xcassets */ = {isa = PBXFileReference; lastKnownFileType = folder.assetcatalog; path = "Preview Assets.xcassets"; sourceTree = "<group>"; };
		B69C333429EB51A600EABD97 /* Info.plist */ = {isa = PBXFileReference; lastKnownFileType = text.plist.xml; path = Info.plist; sourceTree = "<group>"; };
		B69C333A29EB528900EABD97 /* MainPageOld.swift */ = {isa = PBXFileReference; lastKnownFileType = sourcecode.swift; path = MainPageOld.swift; sourceTree = "<group>"; };
		B69C333C29EB52B200EABD97 /* VideoView.swift */ = {isa = PBXFileReference; lastKnownFileType = sourcecode.swift; path = VideoView.swift; sourceTree = "<group>"; };
		B69C333E29EB52D200EABD97 /* StretchVideo.swift */ = {isa = PBXFileReference; lastKnownFileType = sourcecode.swift; path = StretchVideo.swift; sourceTree = "<group>"; };
		B69C334029EB697400EABD97 /* JournalView.swift */ = {isa = PBXFileReference; lastKnownFileType = sourcecode.swift; path = JournalView.swift; sourceTree = "<group>"; };
		EE1AE3CC29EB781F0032F584 /* RingView.swift */ = {isa = PBXFileReference; lastKnownFileType = sourcecode.swift; path = RingView.swift; sourceTree = "<group>"; };
		EE1AE3CE29EB782E0032F584 /* RingShape.swift */ = {isa = PBXFileReference; lastKnownFileType = sourcecode.swift; path = RingShape.swift; sourceTree = "<group>"; };
		EE1AE3D029EB78830032F584 /* MainPage.swift */ = {isa = PBXFileReference; lastKnownFileType = sourcecode.swift; path = MainPage.swift; sourceTree = "<group>"; };
/* End PBXFileReference section */

/* Begin PBXFrameworksBuildPhase section */
		B69C332529EB51A500EABD97 /* Frameworks */ = {
			isa = PBXFrameworksBuildPhase;
			buildActionMask = 2147483647;
			files = (
			);
			runOnlyForDeploymentPostprocessing = 0;
		};
/* End PBXFrameworksBuildPhase section */

/* Begin PBXGroup section */
		B69C331F29EB51A500EABD97 = {
			isa = PBXGroup;
			children = (
				B69C332A29EB51A500EABD97 /* The Daily Stretch */,
				B69C332929EB51A500EABD97 /* Products */,
			);
			sourceTree = "<group>";
		};
		B69C332929EB51A500EABD97 /* Products */ = {
			isa = PBXGroup;
			children = (
				B69C332829EB51A500EABD97 /* The Daily Stretch.app */,
			);
			name = Products;
			sourceTree = "<group>";
		};
		B69C332A29EB51A500EABD97 /* The Daily Stretch */ = {
			isa = PBXGroup;
			children = (
				B69C332B29EB51A500EABD97 /* The_Daily_StretchApp.swift */,
				B69C333A29EB528900EABD97 /* MainPageOld.swift */,
				B69C334029EB697400EABD97 /* JournalView.swift */,
				B69C333C29EB52B200EABD97 /* VideoView.swift */,
				B69C333E29EB52D200EABD97 /* StretchVideo.swift */,
				B69C332D29EB51A500EABD97 /* ContentView.swift */,
				B69C332F29EB51A600EABD97 /* Assets.xcassets */,
				B69C333429EB51A600EABD97 /* Info.plist */,
				B69C333129EB51A600EABD97 /* Preview Content */,
				EE1AE3CC29EB781F0032F584 /* RingView.swift */,
				EE1AE3CE29EB782E0032F584 /* RingShape.swift */,
				EE1AE3D029EB78830032F584 /* MainPage.swift */,
			);
			path = "The Daily Stretch";
			sourceTree = "<group>";
		};
		B69C333129EB51A600EABD97 /* Preview Content */ = {
			isa = PBXGroup;
			children = (
				B69C333229EB51A600EABD97 /* Preview Assets.xcassets */,
			);
			path = "Preview Content";
			sourceTree = "<group>";
		};
/* End PBXGroup section */

/* Begin PBXNativeTarget section */
		B69C332729EB51A500EABD97 /* The Daily Stretch */ = {
			isa = PBXNativeTarget;
			buildConfigurationList = B69C333729EB51A600EABD97 /* Build configuration list for PBXNativeTarget "The Daily Stretch" */;
			buildPhases = (
				B69C332429EB51A500EABD97 /* Sources */,
				B69C332529EB51A500EABD97 /* Frameworks */,
				B69C332629EB51A500EABD97 /* Resources */,
			);
			buildRules = (
			);
			dependencies = (
			);
			name = "The Daily Stretch";
			productName = "The Daily Stretch";
			productReference = B69C332829EB51A500EABD97 /* The Daily Stretch.app */;
			productType = "com.apple.product-type.application";
		};
/* End PBXNativeTarget section */

/* Begin PBXProject section */
		B69C332029EB51A500EABD97 /* Project object */ = {
			isa = PBXProject;
			attributes = {
				LastSwiftUpdateCheck = 1250;
				LastUpgradeCheck = 1250;
				TargetAttributes = {
					B69C332729EB51A500EABD97 = {
						CreatedOnToolsVersion = 12.5.1;
					};
				};
			};
			buildConfigurationList = B69C332329EB51A500EABD97 /* Build configuration list for PBXProject "The Daily Stretch" */;
			compatibilityVersion = "Xcode 9.3";
			developmentRegion = en;
			hasScannedForEncodings = 0;
			knownRegions = (
				en,
				Base,
			);
			mainGroup = B69C331F29EB51A500EABD97;
			productRefGroup = B69C332929EB51A500EABD97 /* Products */;
			projectDirPath = "";
			projectRoot = "";
			targets = (
				B69C332729EB51A500EABD97 /* The Daily Stretch */,
			);
		};
/* End PBXProject section */

/* Begin PBXResourcesBuildPhase section */
		B69C332629EB51A500EABD97 /* Resources */ = {
			isa = PBXResourcesBuildPhase;
			buildActionMask = 2147483647;
			files = (
				B69C333329EB51A600EABD97 /* Preview Assets.xcassets in Resources */,
				B69C333029EB51A600EABD97 /* Assets.xcassets in Resources */,
			);
			runOnlyForDeploymentPostprocessing = 0;
		};
/* End PBXResourcesBuildPhase section */

/* Begin PBXSourcesBuildPhase section */
		B69C332429EB51A500EABD97 /* Sources */ = {
			isa = PBXSourcesBuildPhase;
			buildActionMask = 2147483647;
			files = (
				B69C334129EB697400EABD97 /* JournalView.swift in Sources */,
				B69C333D29EB52B200EABD97 /* VideoView.swift in Sources */,
				EE1AE3D129EB78830032F584 /* MainPage.swift in Sources */,
				B69C332E29EB51A500EABD97 /* ContentView.swift in Sources */,
				EE1AE3CF29EB782E0032F584 /* RingShape.swift in Sources */,
				B69C333F29EB52D200EABD97 /* StretchVideo.swift in Sources */,
				EE1AE3CD29EB781F0032F584 /* RingView.swift in Sources */,
				B69C333B29EB528900EABD97 /* MainPageOld.swift in Sources */,
				B69C332C29EB51A500EABD97 /* The_Daily_StretchApp.swift in Sources */,
			);
			runOnlyForDeploymentPostprocessing = 0;
		};
/* End PBXSourcesBuildPhase section */

/* Begin XCBuildConfiguration section */
		B69C333529EB51A600EABD97 /* Debug */ = {
			isa = XCBuildConfiguration;
			buildSettings = {
				ALWAYS_SEARCH_USER_PATHS = NO;
				CLANG_ANALYZER_NONNULL = YES;
				CLANG_ANALYZER_NUMBER_OBJECT_CONVERSION = YES_AGGRESSIVE;
				CLANG_CXX_LANGUAGE_STANDARD = "gnu++14";
				CLANG_CXX_LIBRARY = "libc++";
				CLANG_ENABLE_MODULES = YES;
				CLANG_ENABLE_OBJC_ARC = YES;
				CLANG_ENABLE_OBJC_WEAK = YES;
				CLANG_WARN_BLOCK_CAPTURE_AUTORELEASING = YES;
				CLANG_WARN_BOOL_CONVERSION = YES;
				CLANG_WARN_COMMA = YES;
				CLANG_WARN_CONSTANT_CONVERSION = YES;
				CLANG_WARN_DEPRECATED_OBJC_IMPLEMENTATIONS = YES;
				CLANG_WARN_DIRECT_OBJC_ISA_USAGE = YES_ERROR;
				CLANG_WARN_DOCUMENTATION_COMMENTS = YES;
				CLANG_WARN_EMPTY_BODY = YES;
				CLANG_WARN_ENUM_CONVERSION = YES;
				CLANG_WARN_INFINITE_RECURSION = YES;
				CLANG_WARN_INT_CONVERSION = YES;
				CLANG_WARN_NON_LITERAL_NULL_CONVERSION = YES;
				CLANG_WARN_OBJC_IMPLICIT_RETAIN_SELF = YES;
				CLANG_WARN_OBJC_LITERAL_CONVERSION = YES;
				CLANG_WARN_OBJC_ROOT_CLASS = YES_ERROR;
				CLANG_WARN_QUOTED_INCLUDE_IN_FRAMEWORK_HEADER = YES;
				CLANG_WARN_RANGE_LOOP_ANALYSIS = YES;
				CLANG_WARN_STRICT_PROTOTYPES = YES;
				CLANG_WARN_SUSPICIOUS_MOVE = YES;
				CLANG_WARN_UNGUARDED_AVAILABILITY = YES_AGGRESSIVE;
				CLANG_WARN_UNREACHABLE_CODE = YES;
				CLANG_WARN__DUPLICATE_METHOD_MATCH = YES;
				COPY_PHASE_STRIP = NO;
				DEBUG_INFORMATION_FORMAT = dwarf;
				ENABLE_STRICT_OBJC_MSGSEND = YES;
				ENABLE_TESTABILITY = YES;
				GCC_C_LANGUAGE_STANDARD = gnu11;
				GCC_DYNAMIC_NO_PIC = NO;
				GCC_NO_COMMON_BLOCKS = YES;
				GCC_OPTIMIZATION_LEVEL = 0;
				GCC_PREPROCESSOR_DEFINITIONS = (
					"DEBUG=1",
					"$(inherited)",
				);
				GCC_WARN_64_TO_32_BIT_CONVERSION = YES;
				GCC_WARN_ABOUT_RETURN_TYPE = YES_ERROR;
				GCC_WARN_UNDECLARED_SELECTOR = YES;
				GCC_WARN_UNINITIALIZED_AUTOS = YES_AGGRESSIVE;
				GCC_WARN_UNUSED_FUNCTION = YES;
				GCC_WARN_UNUSED_VARIABLE = YES;
				IPHONEOS_DEPLOYMENT_TARGET = 14.5;
				MTL_ENABLE_DEBUG_INFO = INCLUDE_SOURCE;
				MTL_FAST_MATH = YES;
				ONLY_ACTIVE_ARCH = YES;
				SDKROOT = iphoneos;
				SWIFT_ACTIVE_COMPILATION_CONDITIONS = DEBUG;
				SWIFT_OPTIMIZATION_LEVEL = "-Onone";
			};
			name = Debug;
		};
		B69C333629EB51A600EABD97 /* Release */ = {
			isa = XCBuildConfiguration;
			buildSettings = {
				ALWAYS_SEARCH_USER_PATHS = NO;
				CLANG_ANALYZER_NONNULL = YES;
				CLANG_ANALYZER_NUMBER_OBJECT_CONVERSION = YES_AGGRESSIVE;
				CLANG_CXX_LANGUAGE_STANDARD = "gnu++14";
				CLANG_CXX_LIBRARY = "libc++";
				CLANG_ENABLE_MODULES = YES;
				CLANG_ENABLE_OBJC_ARC = YES;
				CLANG_ENABLE_OBJC_WEAK = YES;
				CLANG_WARN_BLOCK_CAPTURE_AUTORELEASING = YES;
				CLANG_WARN_BOOL_CONVERSION = YES;
				CLANG_WARN_COMMA = YES;
				CLANG_WARN_CONSTANT_CONVERSION = YES;
				CLANG_WARN_DEPRECATED_OBJC_IMPLEMENTATIONS = YES;
				CLANG_WARN_DIRECT_OBJC_ISA_USAGE = YES_ERROR;
				CLANG_WARN_DOCUMENTATION_COMMENTS = YES;
				CLANG_WARN_EMPTY_BODY = YES;
				CLANG_WARN_ENUM_CONVERSION = YES;
				CLANG_WARN_INFINITE_RECURSION = YES;
				CLANG_WARN_INT_CONVERSION = YES;
				CLANG_WARN_NON_LITERAL_NULL_CONVERSION = YES;
				CLANG_WARN_OBJC_IMPLICIT_RETAIN_SELF = YES;
				CLANG_WARN_OBJC_LITERAL_CONVERSION = YES;
				CLANG_WARN_OBJC_ROOT_CLASS = YES_ERROR;
				CLANG_WARN_QUOTED_INCLUDE_IN_FRAMEWORK_HEADER = YES;
				CLANG_WARN_RANGE_LOOP_ANALYSIS = YES;
				CLANG_WARN_STRICT_PROTOTYPES = YES;
				CLANG_WARN_SUSPICIOUS_MOVE = YES;
				CLANG_WARN_UNGUARDED_AVAILABILITY = YES_AGGRESSIVE;
				CLANG_WARN_UNREACHABLE_CODE = YES;
				CLANG_WARN__DUPLICATE_METHOD_MATCH = YES;
				COPY_PHASE_STRIP = NO;
				DEBUG_INFORMATION_FORMAT = "dwarf-with-dsym";
				ENABLE_NS_ASSERTIONS = NO;
				ENABLE_STRICT_OBJC_MSGSEND = YES;
				GCC_C_LANGUAGE_STANDARD = gnu11;
				GCC_NO_COMMON_BLOCKS = YES;
				GCC_WARN_64_TO_32_BIT_CONVERSION = YES;
				GCC_WARN_ABOUT_RETURN_TYPE = YES_ERROR;
				GCC_WARN_UNDECLARED_SELECTOR = YES;
				GCC_WARN_UNINITIALIZED_AUTOS = YES_AGGRESSIVE;
				GCC_WARN_UNUSED_FUNCTION = YES;
				GCC_WARN_UNUSED_VARIABLE = YES;
				IPHONEOS_DEPLOYMENT_TARGET = 14.5;
				MTL_ENABLE_DEBUG_INFO = NO;
				MTL_FAST_MATH = YES;
				SDKROOT = iphoneos;
				SWIFT_COMPILATION_MODE = wholemodule;
				SWIFT_OPTIMIZATION_LEVEL = "-O";
				VALIDATE_PRODUCT = YES;
			};
			name = Release;
		};
		B69C333829EB51A600EABD97 /* Debug */ = {
			isa = XCBuildConfiguration;
			buildSettings = {
				ASSETCATALOG_COMPILER_APPICON_NAME = AppIcon;
				ASSETCATALOG_COMPILER_GLOBAL_ACCENT_COLOR_NAME = AccentColor;
				CODE_SIGN_STYLE = Automatic;
				DEVELOPMENT_ASSET_PATHS = "\"The Daily Stretch/Preview Content\"";
				ENABLE_PREVIEWS = YES;
				INFOPLIST_FILE = "The Daily Stretch/Info.plist";
				IPHONEOS_DEPLOYMENT_TARGET = 14.0;
				LD_RUNPATH_SEARCH_PATHS = (
					"$(inherited)",
					"@executable_path/Frameworks",
				);
				PRODUCT_BUNDLE_IDENTIFIER = "GrowLLC.The-Daily-Stretch";
				PRODUCT_NAME = "$(TARGET_NAME)";
				SWIFT_VERSION = 5.0;
				TARGETED_DEVICE_FAMILY = "1,2";
			};
			name = Debug;
		};
		B69C333929EB51A600EABD97 /* Release */ = {
			isa = XCBuildConfiguration;
			buildSettings = {
				ASSETCATALOG_COMPILER_APPICON_NAME = AppIcon;
				ASSETCATALOG_COMPILER_GLOBAL_ACCENT_COLOR_NAME = AccentColor;
				CODE_SIGN_STYLE = Automatic;
				DEVELOPMENT_ASSET_PATHS = "\"The Daily Stretch/Preview Content\"";
				ENABLE_PREVIEWS = YES;
				INFOPLIST_FILE = "The Daily Stretch/Info.plist";
				IPHONEOS_DEPLOYMENT_TARGET = 14.0;
				LD_RUNPATH_SEARCH_PATHS = (
					"$(inherited)",
					"@executable_path/Frameworks",
				);
				PRODUCT_BUNDLE_IDENTIFIER = "GrowLLC.The-Daily-Stretch";
				PRODUCT_NAME = "$(TARGET_NAME)";
				SWIFT_VERSION = 5.0;
				TARGETED_DEVICE_FAMILY = "1,2";
			};
			name = Release;
		};
/* End XCBuildConfiguration section */

/* Begin XCConfigurationList section */
		B69C332329EB51A500EABD97 /* Build configuration list for PBXProject "The Daily Stretch" */ = {
			isa = XCConfigurationList;
			buildConfigurations = (
				B69C333529EB51A600EABD97 /* Debug */,
				B69C333629EB51A600EABD97 /* Release */,
			);
			defaultConfigurationIsVisible = 0;
			defaultConfigurationName = Release;
		};
		B69C333729EB51A600EABD97 /* Build configuration list for PBXNativeTarget "The Daily Stretch" */ = {
			isa = XCConfigurationList;
			buildConfigurations = (
				B69C333829EB51A600EABD97 /* Debug */,
				B69C333929EB51A600EABD97 /* Release */,
			);
			defaultConfigurationIsVisible = 0;
			defaultConfigurationName = Release;
		};
/* End XCConfigurationList section */
	};
	rootObject = B69C332029EB51A500EABD97 /* Project object */;
}
